<?xml version="1.0" encoding="utf-8"?>
<Project ToolsVersion="4.0" xmlns="http://schemas.microsoft.com/developer/msbuild/2003">
  <ItemGroup>
    <ClInclude Include="program\pch.h" />
    <ClInclude Include="program\Scene\TestScene.h">
      <Filter>Scene</Filter>
    </ClInclude>
    <ClInclude Include="program\Scene\Scene.h">
      <Filter>Scene</Filter>
    </ClInclude>
    <ClInclude Include="program\TestGameMain.h" />
    <ClInclude Include="program\Scene\FastCheck.h">
      <Filter>Scene</Filter>
    </ClInclude>
  </ItemGroup>
  <ItemGroup>
    <ClCompile Include="program\pch.cpp" />
    <ClCompile Include="program\Scene\TestScene.cpp">
      <Filter>Scene</Filter>
    </ClCompile>
    <ClCompile Include="program\Scene\Scene.cpp">
      <Filter>Scene</Filter>
    </ClCompile>
    <ClCompile Include="program\TestGameMain.cpp" />
    <ClCompile Include="program\Scene\FastCheck.cpp">
      <Filter>Scene</Filter>
    </ClCompile>
  </ItemGroup>
  <ItemGroup>
    <Filter Include="Scene">
      <UniqueIdentifier>{49c00871-5cac-42ce-8918-f2edc6a67d58}</UniqueIdentifier>
    </Filter>
    <Filter Include="TestData">
      <UniqueIdentifier>{839a35ca-29cc-467b-b1d0-1a74cc22bad4}</UniqueIdentifier>
    </Filter>
  </ItemGroup>
  <ItemGroup>
    <None Include="resource\testData\vrm.json">
      <Filter>TestData</Filter>
    </None>
    <None Include="resource\testData\vrma.json">
      <Filter>TestData</Filter>
    </None>
    <None Include="resource\testData\vrmH.json">
      <Filter>TestData</Filter>
    </None>
    <None Include="resource\testData\vrma2.json">
      <Filter>TestData</Filter>
    </None>
    <None Include="resource\testData\vrma5.json">
      <Filter>TestData</Filter>
    </None>
  </ItemGroup>
</Project>