<?xml version="1.0" encoding="utf-8"?>
<Project ToolsVersion="4.0" xmlns="http://schemas.microsoft.com/developer/msbuild/2003">
  <ItemGroup>
    <ClInclude Include="program\pch.h" />
    <ClInclude Include="program\Scene\TestScene.h">
      <Filter>Scene</Filter>
    </ClInclude>
    <ClInclude Include="program\Scene\Scene.h">
      <Filter>Scene</Filter>
    </ClInclude>
    <ClInclude Include="program\Piece\Piece.h">
      <Filter>Piece</Filter>
    </ClInclude>
    <ClInclude Include="program\TestGameMain.h" />
  </ItemGroup>
  <ItemGroup>
    <ClCompile Include="program\pch.cpp" />
    <ClCompile Include="program\Scene\TestScene.cpp">
      <Filter>Scene</Filter>
    </ClCompile>
    <ClCompile Include="program\Scene\Scene.cpp">
      <Filter>Scene</Filter>
    </ClCompile>
    <ClCompile Include="program\Piece\Piece.cpp">
      <Filter>Piece</Filter>
    </ClCompile>
    <ClCompile Include="program\TestGameMain.cpp" />
  </ItemGroup>
  <ItemGroup>
    <Filter Include="Scene">
      <UniqueIdentifier>{49c00871-5cac-42ce-8918-f2edc6a67d58}</UniqueIdentifier>
    </Filter>
    <Filter Include="Piece">
      <UniqueIdentifier>{cf8eadde-e01f-4c38-9ebe-76e69fca0a54}</UniqueIdentifier>
    </Filter>
  </ItemGroup>
</Project>