<?xml version="1.0" encoding="utf-8"?>
<Project ToolsVersion="4.0" xmlns="http://schemas.microsoft.com/developer/msbuild/2003">
  <ItemGroup>
    <Filter Include="リソース ファイル">
      <UniqueIdentifier>{67DA6AB6-F800-4c08-8B7A-83BB121AAD01}</UniqueIdentifier>
      <Extensions>rc;ico;cur;bmp;dlg;rc2;rct;bin;rgs;gif;jpg;jpeg;jpe;resx;tiff;tif;png;wav;mfcribbon-ms</Extensions>
    </Filter>
    <Filter Include="Base">
      <UniqueIdentifier>{4ec5a09d-79c0-49fe-bd56-584afbec1b50}</UniqueIdentifier>
    </Filter>
    <Filter Include="Base\Model">
      <UniqueIdentifier>{a351de56-417b-41d6-a72c-621bcde91507}</UniqueIdentifier>
    </Filter>
    <Filter Include="Base\Shader">
      <UniqueIdentifier>{a14e65d1-e5fd-4745-8ae0-65a1c44fdafe}</UniqueIdentifier>
    </Filter>
    <Filter Include="Base\Model\Mesh">
      <UniqueIdentifier>{47856819-797a-4589-a385-8333a119fb60}</UniqueIdentifier>
    </Filter>
    <Filter Include="Base\Camera">
      <UniqueIdentifier>{cff82949-de56-42a8-a4ae-37d1507f8ddc}</UniqueIdentifier>
    </Filter>
    <Filter Include="Base\Reader">
      <UniqueIdentifier>{eb1ff0a2-e616-474b-b1ed-f33d8688bfcb}</UniqueIdentifier>
    </Filter>
    <Filter Include="Base\Tools">
      <UniqueIdentifier>{6da6592d-044b-4dfe-ae65-3dc7643a050c}</UniqueIdentifier>
    </Filter>
    <Filter Include="Base\Math">
      <UniqueIdentifier>{5dc54e4b-2c7f-4819-8bda-525d7af4d4d2}</UniqueIdentifier>
    </Filter>
    <Filter Include="Base\Component">
      <UniqueIdentifier>{769c5b6e-8aa7-423a-b733-51031e8b47cf}</UniqueIdentifier>
    </Filter>
    <Filter Include="Base\Shader\ShaderSet">
      <UniqueIdentifier>{baf5b2c1-524f-4fbe-8913-00ba7e9cb90a}</UniqueIdentifier>
    </Filter>
    <Filter Include="Base\Shader\PixelShader">
      <UniqueIdentifier>{ecf40cc7-10c4-4e7a-b95a-9f74e03da5dc}</UniqueIdentifier>
    </Filter>
    <Filter Include="Base\Shader\VertexShader">
      <UniqueIdentifier>{a528ceae-bbbd-4ce7-bb4c-9d0f8e4372b1}</UniqueIdentifier>
    </Filter>
    <Filter Include="Base\Shader\HLSL">
      <UniqueIdentifier>{029a9791-8677-4b41-93d1-62547447e52e}</UniqueIdentifier>
    </Filter>
    <Filter Include="Base\ActorSet">
      <UniqueIdentifier>{04fb0b9a-c149-4cd1-90df-76741acafc95}</UniqueIdentifier>
    </Filter>
    <Filter Include="Base\Input">
      <UniqueIdentifier>{ce5efa48-6445-4022-b268-0455c98aecea}</UniqueIdentifier>
    </Filter>
  </ItemGroup>
  <ItemGroup>
    <ClCompile Include="program\Base\BaseWindow.cpp">
      <Filter>Base</Filter>
    </ClCompile>
    <ClCompile Include="program\Base\Actor.cpp">
      <Filter>Base</Filter>
    </ClCompile>
    <ClCompile Include="program\Base\Model\Mesh\MeshManager.cpp">
      <Filter>Base\Model\Mesh</Filter>
    </ClCompile>
    <ClCompile Include="program\Base\Camera\Camera.cpp">
      <Filter>Base\Camera</Filter>
    </ClCompile>
    <ClCompile Include="program\Base\Model\Mesh\Mesh.cpp">
      <Filter>Base\Model\Mesh</Filter>
    </ClCompile>
    <ClCompile Include="program\Base\Model\PictureResource.cpp">
      <Filter>Base\Model</Filter>
    </ClCompile>
    <ClCompile Include="program\Base\Model\Mesh\VRMMesh.cpp">
      <Filter>Base\Model\Mesh</Filter>
    </ClCompile>
    <ClCompile Include="program\Base\Reader\tiny_gltf.cc">
      <Filter>Base\Reader</Filter>
    </ClCompile>
    <ClCompile Include="program\Base\pch.cpp">
      <Filter>Base</Filter>
    </ClCompile>
    <ClCompile Include="program\Base\Framework.cpp">
      <Filter>Base</Filter>
    </ClCompile>
    <ClCompile Include="program\Base\Component\Transform.cpp">
      <Filter>Base\Component</Filter>
    </ClCompile>
    <ClCompile Include="program\Base\Component\MeshRender.cpp">
      <Filter>Base\Component</Filter>
    </ClCompile>
    <ClCompile Include="program\Base\Shader\ShaderManager.cpp">
      <Filter>Base\Shader</Filter>
    </ClCompile>
    <ClCompile Include="program\Base\Shader\ShaderSet\ShaderSet.cpp">
      <Filter>Base\Shader\ShaderSet</Filter>
    </ClCompile>
    <ClCompile Include="program\Base\Shader\ShaderBase.cpp">
      <Filter>Base\Shader</Filter>
    </ClCompile>
    <ClCompile Include="program\Base\Shader\VertexShader\VertexShader.cpp">
      <Filter>Base\Shader\VertexShader</Filter>
    </ClCompile>
    <ClCompile Include="program\Base\Shader\VertexShader\LambertVS.cpp">
      <Filter>Base\Shader\VertexShader</Filter>
    </ClCompile>
    <ClCompile Include="program\Base\Shader\PixelShader\PixelShader.cpp">
      <Filter>Base\Shader\PixelShader</Filter>
    </ClCompile>
    <ClCompile Include="program\Base\Shader\VertexShader\BasicVS.cpp">
      <Filter>Base\Shader\VertexShader</Filter>
    </ClCompile>
    <ClCompile Include="program\Base\Input\InputManager.cpp">
      <Filter>Base\Input</Filter>
    </ClCompile>
    <ClCompile Include="program\Base\Math\AK_Math.cpp">
      <Filter>Base\Math</Filter>
    </ClCompile>
  </ItemGroup>
  <ItemGroup>
    <ClInclude Include="program\Base\Singleton.h">
      <Filter>Base</Filter>
    </ClInclude>
    <ClInclude Include="program\Base\BaseWindow.h">
      <Filter>Base</Filter>
    </ClInclude>
    <ClInclude Include="program\Base\Actor.h">
      <Filter>Base</Filter>
    </ClInclude>
    <ClInclude Include="program\Base\Model\Mesh\MeshManager.h">
      <Filter>Base\Model\Mesh</Filter>
    </ClInclude>
    <ClInclude Include="program\Base\Camera\Camera.h">
      <Filter>Base\Camera</Filter>
    </ClInclude>
    <ClInclude Include="program\Base\Model\Mesh\Mesh.h">
      <Filter>Base\Model\Mesh</Filter>
    </ClInclude>
    <ClInclude Include="program\Base\Reader\ReadData.h">
      <Filter>Base\Reader</Filter>
    </ClInclude>
    <ClInclude Include="program\Base\Tools\WStringToString.h">
      <Filter>Base\Tools</Filter>
    </ClInclude>
    <ClInclude Include="program\Base\Tools\FilePath.h">
      <Filter>Base\Tools</Filter>
    </ClInclude>
    <ClInclude Include="program\Base\Model\PictureResource.h">
      <Filter>Base\Model</Filter>
    </ClInclude>
    <ClInclude Include="program\Base\Model\Mesh\VRMMesh.h">
      <Filter>Base\Model\Mesh</Filter>
    </ClInclude>
    <ClInclude Include="program\Base\Reader\json.hpp">
      <Filter>Base\Reader</Filter>
    </ClInclude>
    <ClInclude Include="program\Base\Reader\stb_image.h">
      <Filter>Base\Reader</Filter>
    </ClInclude>
    <ClInclude Include="program\Base\Reader\stb_image_write.h">
      <Filter>Base\Reader</Filter>
    </ClInclude>
    <ClInclude Include="program\Base\Reader\tiny_gltf.h">
      <Filter>Base\Reader</Filter>
    </ClInclude>
    <ClInclude Include="program\Base\Tools\LowercaseAndUppercase.h">
      <Filter>Base\Tools</Filter>
    </ClInclude>
    <ClInclude Include="program\Base\pch.h">
      <Filter>Base</Filter>
    </ClInclude>
    <ClInclude Include="program\Base\Framework.h">
      <Filter>Base</Filter>
    </ClInclude>
    <ClInclude Include="program\Base\Component.h">
      <Filter>Base</Filter>
    </ClInclude>
    <ClInclude Include="program\Base\Component\Transform.h">
      <Filter>Base\Component</Filter>
    </ClInclude>
    <ClInclude Include="program\Base\Tools\Alignment.h">
      <Filter>Base\Tools</Filter>
    </ClInclude>
    <ClInclude Include="program\Base\Component\MeshRender.h">
      <Filter>Base\Component</Filter>
    </ClInclude>
    <ClInclude Include="program\Base\Shader\ShaderManager.h">
      <Filter>Base\Shader</Filter>
    </ClInclude>
    <ClInclude Include="program\Base\Shader\ShaderSet\ShaderSet.h">
      <Filter>Base\Shader\ShaderSet</Filter>
    </ClInclude>
    <ClInclude Include="program\Base\Shader\ShaderBase.h">
      <Filter>Base\Shader</Filter>
    </ClInclude>
    <ClInclude Include="program\Base\Shader\VertexShader\VertexShader.h">
      <Filter>Base\Shader\VertexShader</Filter>
    </ClInclude>
    <ClInclude Include="program\Base\Shader\VertexShader\LambertVS.h">
      <Filter>Base\Shader\VertexShader</Filter>
    </ClInclude>
    <ClInclude Include="program\Base\Shader\PixelShader\PixelShader.h">
      <Filter>Base\Shader\PixelShader</Filter>
    </ClInclude>
    <ClInclude Include="program\Base\Shader\VertexShader\BasicVS.h">
      <Filter>Base\Shader\VertexShader</Filter>
    </ClInclude>
    <ClInclude Include="program\Base\ActorSet\DebugAxis.h">
      <Filter>Base\ActorSet</Filter>
    </ClInclude>
    <ClInclude Include="program\Base\Tools\StepTimer.h">
      <Filter>Base\Tools</Filter>
    </ClInclude>
    <ClInclude Include="program\Base\Input\InputManager.h">
      <Filter>Base\Input</Filter>
    </ClInclude>
    <ClInclude Include="program\Base\Math\Primitive.h">
      <Filter>Base\Math</Filter>
    </ClInclude>
    <ClInclude Include="program\Base\Math\AK_Math.h">
      <Filter>Base\Math</Filter>
    </ClInclude>
    <ClInclude Include="program\Base\Component\Collider.h">
      <Filter>Base\Component</Filter>
    </ClInclude>
  </ItemGroup>
  <ItemGroup>
    <None Include="packages.config" />
  </ItemGroup>
  <ItemGroup>
    <FxCompile Include="program\Base\Shader\HLSL\LambertPixelShader.hlsl">
      <Filter>Base\Shader\HLSL</Filter>
    </FxCompile>
    <FxCompile Include="program\Base\Shader\HLSL\LambertVertexShader.hlsl">
      <Filter>Base\Shader\HLSL</Filter>
    </FxCompile>
    <FxCompile Include="program\Base\Shader\HLSL\BasicVertexShader.hlsl">
      <Filter>Base\Shader\HLSL</Filter>
    </FxCompile>
    <FxCompile Include="program\Base\Shader\HLSL\BasicPixelShader.hlsl">
      <Filter>Base\Shader\HLSL</Filter>
    </FxCompile>
  </ItemGroup>
</Project>