<?xml version="1.0" encoding="utf-8"?>
<Project ToolsVersion="4.0" xmlns="http://schemas.microsoft.com/developer/msbuild/2003">
  <ItemGroup>
    <Filter Include="リソース ファイル">
      <UniqueIdentifier>{67DA6AB6-F800-4c08-8B7A-83BB121AAD01}</UniqueIdentifier>
      <Extensions>rc;ico;cur;bmp;dlg;rc2;rct;bin;rgs;gif;jpg;jpeg;jpe;resx;tiff;tif;png;wav;mfcribbon-ms</Extensions>
    </Filter>
    <Filter Include="Base">
      <UniqueIdentifier>{4ec5a09d-79c0-49fe-bd56-584afbec1b50}</UniqueIdentifier>
    </Filter>
    <Filter Include="Base\Model">
      <UniqueIdentifier>{a351de56-417b-41d6-a72c-621bcde91507}</UniqueIdentifier>
    </Filter>
    <Filter Include="Base\Shader">
      <UniqueIdentifier>{a14e65d1-e5fd-4745-8ae0-65a1c44fdafe}</UniqueIdentifier>
    </Filter>
    <Filter Include="Base\Model\Mesh">
      <UniqueIdentifier>{47856819-797a-4589-a385-8333a119fb60}</UniqueIdentifier>
    </Filter>
    <Filter Include="Base\Camera">
      <UniqueIdentifier>{cff82949-de56-42a8-a4ae-37d1507f8ddc}</UniqueIdentifier>
    </Filter>
    <Filter Include="Base\Reader">
      <UniqueIdentifier>{eb1ff0a2-e616-474b-b1ed-f33d8688bfcb}</UniqueIdentifier>
    </Filter>
    <Filter Include="Base\Tools">
      <UniqueIdentifier>{6da6592d-044b-4dfe-ae65-3dc7643a050c}</UniqueIdentifier>
    </Filter>
    <Filter Include="Base\Math">
      <UniqueIdentifier>{5dc54e4b-2c7f-4819-8bda-525d7af4d4d2}</UniqueIdentifier>
    </Filter>
    <Filter Include="Base\Component">
      <UniqueIdentifier>{769c5b6e-8aa7-423a-b733-51031e8b47cf}</UniqueIdentifier>
    </Filter>
  </ItemGroup>
  <ItemGroup>
    <ClCompile Include="program\Base\BaseWindow.cpp">
      <Filter>Base</Filter>
    </ClCompile>
    <ClCompile Include="program\Base\Math\AK_Math.cpp">
      <Filter>Base\Math</Filter>
    </ClCompile>
    <ClCompile Include="program\Base\Actor.cpp">
      <Filter>Base</Filter>
    </ClCompile>
    <ClCompile Include="program\Base\Model\ModelActor.cpp">
      <Filter>Base\Model</Filter>
    </ClCompile>
    <ClCompile Include="program\Base\Model\ModelRender.cpp">
      <Filter>Base\Model</Filter>
    </ClCompile>
    <ClCompile Include="program\Base\Shader\BasicShader.cpp">
      <Filter>Base\Shader</Filter>
    </ClCompile>
    <ClCompile Include="program\Base\Model\Mesh\MeshManager.cpp">
      <Filter>Base\Model\Mesh</Filter>
    </ClCompile>
    <ClCompile Include="program\Base\Camera\Camera.cpp">
      <Filter>Base\Camera</Filter>
    </ClCompile>
    <ClCompile Include="program\Base\Shader\Shader.cpp">
      <Filter>Base\Shader</Filter>
    </ClCompile>
    <ClCompile Include="program\Base\Model\Mesh\Mesh.cpp">
      <Filter>Base\Model\Mesh</Filter>
    </ClCompile>
    <ClCompile Include="program\Base\Shader\LambertShader.cpp">
      <Filter>Base\Shader</Filter>
    </ClCompile>
    <ClCompile Include="program\Base\Model\PictureResource.cpp">
      <Filter>Base\Model</Filter>
    </ClCompile>
    <ClCompile Include="program\Base\Model\Mesh\VRMMesh.cpp">
      <Filter>Base\Model\Mesh</Filter>
    </ClCompile>
    <ClCompile Include="program\Base\Reader\tiny_gltf.cc">
      <Filter>Base\Reader</Filter>
    </ClCompile>
    <ClCompile Include="program\Base\pch.cpp">
      <Filter>Base</Filter>
    </ClCompile>
    <ClCompile Include="program\Base\Framework.cpp">
      <Filter>Base</Filter>
    </ClCompile>
  </ItemGroup>
  <ItemGroup>
    <ClInclude Include="program\Base\Singleton.h">
      <Filter>Base</Filter>
    </ClInclude>
    <ClInclude Include="program\Base\BaseWindow.h">
      <Filter>Base</Filter>
    </ClInclude>
    <ClInclude Include="program\Base\Math\AK_Math.h">
      <Filter>Base\Math</Filter>
    </ClInclude>
    <ClInclude Include="program\Base\Math\Capsule.h">
      <Filter>Base\Math</Filter>
    </ClInclude>
    <ClInclude Include="program\Base\Math\Line.h">
      <Filter>Base\Math</Filter>
    </ClInclude>
    <ClInclude Include="program\Base\Math\Point.h">
      <Filter>Base\Math</Filter>
    </ClInclude>
    <ClInclude Include="program\Base\Math\Segment.h">
      <Filter>Base\Math</Filter>
    </ClInclude>
    <ClInclude Include="program\Base\Actor.h">
      <Filter>Base</Filter>
    </ClInclude>
    <ClInclude Include="program\Base\Model\ModelActor.h">
      <Filter>Base\Model</Filter>
    </ClInclude>
    <ClInclude Include="program\Base\Model\ModelRender.h">
      <Filter>Base\Model</Filter>
    </ClInclude>
    <ClInclude Include="program\Base\Shader\BasicShader.h">
      <Filter>Base\Shader</Filter>
    </ClInclude>
    <ClInclude Include="program\Base\Model\Mesh\MeshManager.h">
      <Filter>Base\Model\Mesh</Filter>
    </ClInclude>
    <ClInclude Include="program\Base\Camera\Camera.h">
      <Filter>Base\Camera</Filter>
    </ClInclude>
    <ClInclude Include="program\Base\Shader\Shader.h">
      <Filter>Base\Shader</Filter>
    </ClInclude>
    <ClInclude Include="program\Base\Model\Mesh\Mesh.h">
      <Filter>Base\Model\Mesh</Filter>
    </ClInclude>
    <ClInclude Include="program\Base\Shader\LambertShader.h">
      <Filter>Base\Shader</Filter>
    </ClInclude>
    <ClInclude Include="program\Base\Reader\ReadData.h">
      <Filter>Base\Reader</Filter>
    </ClInclude>
    <ClInclude Include="program\Base\Tools\WStringToString.h">
      <Filter>Base\Tools</Filter>
    </ClInclude>
    <ClInclude Include="program\Base\Tools\FilePath.h">
      <Filter>Base\Tools</Filter>
    </ClInclude>
    <ClInclude Include="program\Base\Model\PictureResource.h">
      <Filter>Base\Model</Filter>
    </ClInclude>
    <ClInclude Include="program\Base\Model\Mesh\VRMMesh.h">
      <Filter>Base\Model\Mesh</Filter>
    </ClInclude>
    <ClInclude Include="program\Base\Reader\json.hpp">
      <Filter>Base\Reader</Filter>
    </ClInclude>
    <ClInclude Include="program\Base\Reader\stb_image.h">
      <Filter>Base\Reader</Filter>
    </ClInclude>
    <ClInclude Include="program\Base\Reader\stb_image_write.h">
      <Filter>Base\Reader</Filter>
    </ClInclude>
    <ClInclude Include="program\Base\Reader\tiny_gltf.h">
      <Filter>Base\Reader</Filter>
    </ClInclude>
    <ClInclude Include="program\Base\Tools\LowercaseAndUppercase.h">
      <Filter>Base\Tools</Filter>
    </ClInclude>
    <ClInclude Include="program\Base\pch.h">
      <Filter>Base</Filter>
    </ClInclude>
    <ClInclude Include="program\Base\Framework.h">
      <Filter>Base</Filter>
    </ClInclude>
    <ClInclude Include="program\Base\Component.h">
      <Filter>Base</Filter>
    </ClInclude>
    <ClInclude Include="program\Base\StepTimer.h">
      <Filter>Base</Filter>
    </ClInclude>
  </ItemGroup>
  <ItemGroup>
    <None Include="program\Base\Shader\BasicShader.hlsli">
      <Filter>Base\Shader</Filter>
    </None>
    <None Include="packages.config" />
  </ItemGroup>
  <ItemGroup>
    <FxCompile Include="program\Base\Shader\LambertVertexShader.hlsl">
      <Filter>Base\Shader</Filter>
    </FxCompile>
    <FxCompile Include="program\Base\Shader\LambertPixelShader.hlsl">
      <Filter>Base\Shader</Filter>
    </FxCompile>
  </ItemGroup>
</Project>